{
  "name": "LanguageNetwork",
  "lockfileVersion": 3,
  "requires": true,
  "packages": {
    "": {
      "dependencies": {
        "@angular/cdk": "^16.2.0",
        "ng-gallery": "^11.0.0",
        "ngx-toastr": "~14.0.0"
      }
    },
    "node_modules/@angular/cdk": {
      "version": "16.2.0",
      "resolved": "https://registry.npmjs.org/@angular/cdk/-/cdk-16.2.0.tgz",
      "integrity": "sha512-pOIXP15uQkl3bf7t0i25+0uBjkHkVmBgwOMlqE9imY4gGq7UswbZRYHaGudJITin2ASFqKDgKvwNRCBqfmjO4A==",
      "dependencies": {
        "tslib": "^2.3.0"
      },
      "optionalDependencies": {
        "parse5": "^7.1.2"
      },
      "peerDependencies": {
        "@angular/common": "^16.0.0 || ^17.0.0",
        "@angular/core": "^16.0.0 || ^17.0.0",
        "rxjs": "^6.5.3 || ^7.4.0"
      }
    },
    "node_modules/@angular/common": {
      "version": "16.1.7",
      "resolved": "https://registry.npmjs.org/@angular/common/-/common-16.1.7.tgz",
      "integrity": "sha512-7WwYwtJjuJtUkutB+aMCvtV5zxa43T4x+kqT+kS4KnUmLv5KdrGPxcS+/7YUuKEELWp1SG032UTwGPX0DXxH4g==",
      "peer": true,
      "dependencies": {
        "tslib": "^2.3.0"
      },
      "engines": {
        "node": "^16.14.0 || >=18.10.0"
      },
      "peerDependencies": {
        "@angular/core": "16.1.7",
        "rxjs": "^6.5.3 || ^7.4.0"
      }
    },
    "node_modules/@angular/core": {
      "version": "16.1.7",
      "resolved": "https://registry.npmjs.org/@angular/core/-/core-16.1.7.tgz",
      "integrity": "sha512-Wl5BR9X1xnV7Z9v/MNVANhymuTKAuRv4etr4rRgaC5NbbJSuFM4y+mg4yVI4wmrYJo0gKRcV9+2mHaePr41fTg==",
      "peer": true,
      "dependencies": {
        "tslib": "^2.3.0"
      },
      "engines": {
        "node": "^16.14.0 || >=18.10.0"
      },
      "peerDependencies": {
        "rxjs": "^6.5.3 || ^7.4.0",
        "zone.js": "~0.13.0"
      }
    },
    "node_modules/@angular/platform-browser": {
      "version": "16.1.7",
      "resolved": "https://registry.npmjs.org/@angular/platform-browser/-/platform-browser-16.1.7.tgz",
      "integrity": "sha512-AjdUUv5+v50cclHPsKVVdNRdCQZJMGNKmvxyLgeGj2hs61lGoJxBYcYqPre2PpM0SvezNJBreUvjwqM3ttOjng==",
      "peer": true,
      "dependencies": {
        "tslib": "^2.3.0"
      },
      "engines": {
        "node": "^16.14.0 || >=18.10.0"
      },
      "peerDependencies": {
        "@angular/animations": "16.1.7",
        "@angular/common": "16.1.7",
        "@angular/core": "16.1.7"
      },
      "peerDependenciesMeta": {
        "@angular/animations": {
          "optional": true
        }
      }
    },
    "node_modules/entities": {
      "version": "4.5.0",
      "resolved": "https://registry.npmjs.org/entities/-/entities-4.5.0.tgz",
      "integrity": "sha512-V0hjH4dGPh9Ao5p0MoRY6BVqtwCjhz6vI5LT8AJ55H+4g9/4vbHx1I54fS0XuclLhDHArPQCiMjDxjaL8fPxhw==",
      "optional": true,
      "engines": {
        "node": ">=0.12"
      },
      "funding": {
        "url": "https://github.com/fb55/entities?sponsor=1"
      }
    },
    "node_modules/ng-gallery": {
      "version": "11.0.0",
      "resolved": "https://registry.npmjs.org/ng-gallery/-/ng-gallery-11.0.0.tgz",
      "integrity": "sha512-xG0WD4Hd8FrKAinrH+dseH3dpbthhgc+n6EKUCv1WuwdUJC7YiEMuPOl1aV2t8DxSblVUokR2w5Y6pAFRo9Ixw==",
      "dependencies": {
        "tslib": "^2.3.1"
      },
      "peerDependencies": {
        "@angular/cdk": ">=16.0.0",
        "@angular/common": ">=16.0.0",
        "@angular/core": ">=16.0.0",
        "rxjs": ">=7.0.0"
      }
    },
    "node_modules/ngx-toastr": {
      "version": "14.0.0",
      "resolved": "https://registry.npmjs.org/ngx-toastr/-/ngx-toastr-14.0.0.tgz",
      "integrity": "sha512-dnDzSY73pF6FvNyxdh6ftfvXvUg6SU7MAT3orPUCzA77t3ZcFslro06zk4NCA2g67RF7dBwM0OJ/y0SN6fdGYw==",
      "dependencies": {
        "tslib": "^2.1.0"
      },
      "peerDependencies": {
        "@angular/common": ">=12.0.0-0",
        "@angular/core": ">=12.0.0-0",
        "@angular/platform-browser": ">=12.0.0-0"
      }
    },
    "node_modules/parse5": {
      "version": "7.1.2",
      "resolved": "https://registry.npmjs.org/parse5/-/parse5-7.1.2.tgz",
      "integrity": "sha512-Czj1WaSVpaoj0wbhMzLmWD69anp2WH7FXMB9n1Sy8/ZFF9jolSQVMu1Ij5WIyGmcBmhk7EOndpO4mIpihVqAXw==",
      "optional": true,
      "dependencies": {
        "entities": "^4.4.0"
      },
      "funding": {
        "url": "https://github.com/inikulin/parse5?sponsor=1"
      }
    },
    "node_modules/rxjs": {
      "version": "7.8.1",
      "resolved": "https://registry.npmjs.org/rxjs/-/rxjs-7.8.1.tgz",
      "integrity": "sha512-AA3TVj+0A2iuIoQkWEK/tqFjBq2j+6PO6Y0zJcvzLAFhEFIO3HL0vls9hWLncZbAAbK0mar7oZ4V079I/qPMxg==",
      "peer": true,
      "dependencies": {
        "tslib": "^2.1.0"
      }
    },
    "node_modules/tslib": {
      "version": "2.6.1",
      "resolved": "https://registry.npmjs.org/tslib/-/tslib-2.6.1.tgz",
      "integrity": "sha512-t0hLfiEKfMUoqhG+U1oid7Pva4bbDPHYfJNiB7BiIjRkj1pyC++4N3huJfqY6aRH6VTB0rvtzQwjM4K6qpfOig=="
    },
    "node_modules/zone.js": {
      "version": "0.13.1",
      "resolved": "https://registry.npmjs.org/zone.js/-/zone.js-0.13.1.tgz",
      "integrity": "sha512-+bIeDAFEBYuXRuU3qGQvzdPap+N1zjM4KkBAiiQuVVCrHrhjDuY6VkUhNa5+U27+9w0q3fbKiMCbpJ0XzMmSWA==",
      "peer": true,
      "dependencies": {
        "tslib": "^2.3.0"
      }
    }
  }
}
